
Microsoft Visual Studio Solution File, Format Version 12.00
# Visual Studio Version 17
VisualStudioVersion = 17.10.35122.118
MinimumVisualStudioVersion = 10.0.40219.1
Project("{FAE04EC0-301F-11D3-BF4B-00C04F79EFBC}") = "Klab-ViewComponent", "Klab-ViewComponent\Klab-ViewComponent.csproj", "{C0E2E384-924D-4172-BDEF-8AD2D4FC4A7A}"
EndProject
Global
	GlobalSection(SolutionConfigurationPlatforms) = preSolution
		Debug|Any CPU = Debug|Any CPU
		Release|Any CPU = Release|Any CPU
	EndGlobalSection
	GlobalSection(ProjectConfigurationPlatforms) = postSolution
		{C0E2E384-924D-4172-BDEF-8AD2D4FC4A7A}.Debug|Any CPU.ActiveCfg = Debug|Any CPU
		{C0E2E384-924D-4172-BDEF-8AD2D4FC4A7A}.Debug|Any CPU.Build.0 = Debug|Any CPU
		{C0E2E384-924D-4172-BDEF-8AD2D4FC4A7A}.Release|Any CPU.ActiveCfg = Release|Any CPU
		{C0E2E384-924D-4172-BDEF-8AD2D4FC4A7A}.Release|Any CPU.Build.0 = Release|Any CPU
	EndGlobalSection
	GlobalSection(SolutionProperties) = preSolution
		HideSolutionNode = FALSE
	EndGlobalSection
	GlobalSection(ExtensibilityGlobals) = postSolution
		SolutionGuid = {2001C1FD-C9A7-4297-AE9B-7A8554F54E0A}
	EndGlobalSection
EndGlobal
